
Microsoft Visual Studio Solution File, Format Version 12.00
# Visual Studio Version 17
VisualStudioVersion = 17.11.35312.102
MinimumVisualStudioVersion = 10.0.40219.1
Project("{FAE04EC0-301F-11D3-BF4B-00C04F79EFBC}") = "Printing Hello World with a Class", "Printing Hello World with a Class\Printing Hello World with a Class.csproj", "{F3F2C56A-EDFE-4E1B-99B7-E3EF71429A49}"
EndProject
Global
	GlobalSection(SolutionConfigurationPlatforms) = preSolution
		Debug|Any CPU = Debug|Any CPU
		Release|Any CPU = Release|Any CPU
	EndGlobalSection
	GlobalSection(ProjectConfigurationPlatforms) = postSolution
		{F3F2C56A-EDFE-4E1B-99B7-E3EF71429A49}.Debug|Any CPU.ActiveCfg = Debug|Any CPU
		{F3F2C56A-EDFE-4E1B-99B7-E3EF71429A49}.Debug|Any CPU.Build.0 = Debug|Any CPU
		{F3F2C56A-EDFE-4E1B-99B7-E3EF71429A49}.Release|Any CPU.ActiveCfg = Release|Any CPU
		{F3F2C56A-EDFE-4E1B-99B7-E3EF71429A49}.Release|Any CPU.Build.0 = Release|Any CPU
	EndGlobalSection
	GlobalSection(SolutionProperties) = preSolution
		HideSolutionNode = FALSE
	EndGlobalSection
	GlobalSection(ExtensibilityGlobals) = postSolution
		SolutionGuid = {76F8B99A-73FE-4850-95C2-15A1A7292AFD}
	EndGlobalSection
EndGlobal
